
Microsoft Visual Studio Solution File, Format Version 12.00
# Visual Studio Version 17
VisualStudioVersion = 17.2.32616.157
MinimumVisualStudioVersion = 10.0.40219.1
Project("{FAE04EC0-301F-11D3-BF4B-00C04F79EFBC}") = "AfsTest", "AfsTest\AfsTest.csproj", "{3238D487-58D2-49EF-96DD-D6318326D9FF}"
EndProject
Global
	GlobalSection(SolutionConfigurationPlatforms) = preSolution
		Debug|Any CPU = Debug|Any CPU
		Release|Any CPU = Release|Any CPU
	EndGlobalSection
	GlobalSection(ProjectConfigurationPlatforms) = postSolution
		{3238D487-58D2-49EF-96DD-D6318326D9FF}.Debug|Any CPU.ActiveCfg = Debug|Any CPU
		{3238D487-58D2-49EF-96DD-D6318326D9FF}.Debug|Any CPU.Build.0 = Debug|Any CPU
		{3238D487-58D2-49EF-96DD-D6318326D9FF}.Release|Any CPU.ActiveCfg = Release|Any CPU
		{3238D487-58D2-49EF-96DD-D6318326D9FF}.Release|Any CPU.Build.0 = Release|Any CPU
	EndGlobalSection
	GlobalSection(SolutionProperties) = preSolution
		HideSolutionNode = FALSE
	EndGlobalSection
	GlobalSection(ExtensibilityGlobals) = postSolution
		SolutionGuid = {C94C5173-C0B9-45EF-BF9E-51A0E20CAC2F}
	EndGlobalSection
EndGlobal
